
Microsoft Visual Studio Solution File, Format Version 12.00
# Visual Studio Version 17
VisualStudioVersion = 17.7.34202.233
MinimumVisualStudioVersion = 10.0.40219.1
Project("{FAE04EC0-301F-11D3-BF4B-00C04F79EFBC}") = "Синева_пр29", "Синева_пр29\Синева_пр29.csproj", "{D372D417-6C07-457A-A1F9-FC523F51C870}"
EndProject
Global
	GlobalSection(SolutionConfigurationPlatforms) = preSolution
		Debug|Any CPU = Debug|Any CPU
		Release|Any CPU = Release|Any CPU
	EndGlobalSection
	GlobalSection(ProjectConfigurationPlatforms) = postSolution
		{D372D417-6C07-457A-A1F9-FC523F51C870}.Debug|Any CPU.ActiveCfg = Debug|Any CPU
		{D372D417-6C07-457A-A1F9-FC523F51C870}.Debug|Any CPU.Build.0 = Debug|Any CPU
		{D372D417-6C07-457A-A1F9-FC523F51C870}.Release|Any CPU.ActiveCfg = Release|Any CPU
		{D372D417-6C07-457A-A1F9-FC523F51C870}.Release|Any CPU.Build.0 = Release|Any CPU
	EndGlobalSection
	GlobalSection(SolutionProperties) = preSolution
		HideSolutionNode = FALSE
	EndGlobalSection
	GlobalSection(ExtensibilityGlobals) = postSolution
		SolutionGuid = {83753A55-C397-42C3-82F9-2CFC0CBA830D}
	EndGlobalSection
EndGlobal
